
Microsoft Visual Studio Solution File, Format Version 12.00
# Visual Studio Version 16
VisualStudioVersion = 16.0.31424.327
MinimumVisualStudioVersion = 10.0.40219.1
Project("{8BC9CEB8-8B4A-11D0-8D11-00A0C91BC942}") = "VaxManCPP", "VaxManCPP\VaxManCPP.vcxproj", "{CFAC7683-D4D2-4B88-8D54-5CAA898B3DDC}"
EndProject
Global
	GlobalSection(SolutionConfigurationPlatforms) = preSolution
		Debug|x64 = Debug|x64
		Debug|x86 = Debug|x86
		Release|x64 = Release|x64
		Release|x86 = Release|x86
	EndGlobalSection
	GlobalSection(ProjectConfigurationPlatforms) = postSolution
		{CFAC7683-D4D2-4B88-8D54-5CAA898B3DDC}.Debug|x64.ActiveCfg = Debug|x64
		{CFAC7683-D4D2-4B88-8D54-5CAA898B3DDC}.Debug|x64.Build.0 = Debug|x64
		{CFAC7683-D4D2-4B88-8D54-5CAA898B3DDC}.Debug|x86.ActiveCfg = Debug|Win32
		{CFAC7683-D4D2-4B88-8D54-5CAA898B3DDC}.Debug|x86.Build.0 = Debug|Win32
		{CFAC7683-D4D2-4B88-8D54-5CAA898B3DDC}.Release|x64.ActiveCfg = Release|x64
		{CFAC7683-D4D2-4B88-8D54-5CAA898B3DDC}.Release|x64.Build.0 = Release|x64
		{CFAC7683-D4D2-4B88-8D54-5CAA898B3DDC}.Release|x86.ActiveCfg = Release|Win32
		{CFAC7683-D4D2-4B88-8D54-5CAA898B3DDC}.Release|x86.Build.0 = Release|Win32
	EndGlobalSection
	GlobalSection(SolutionProperties) = preSolution
		HideSolutionNode = FALSE
	EndGlobalSection
	GlobalSection(ExtensibilityGlobals) = postSolution
		SolutionGuid = {66EC75C8-A99A-4293-87C5-1D0A2766452D}
	EndGlobalSection
EndGlobal
